
Microsoft Visual Studio Solution File, Format Version 12.00
# Visual Studio Version 17
VisualStudioVersion = 17.5.33414.496
MinimumVisualStudioVersion = 10.0.40219.1
Project("{FAE04EC0-301F-11D3-BF4B-00C04F79EFBC}") = "COREWebApiJWTAuthentication", "COREWebApiJWTAuthentication\COREWebApiJWTAuthentication.csproj", "{495D512A-7F7E-44BC-91ED-B35C66510690}"
EndProject
Global
	GlobalSection(SolutionConfigurationPlatforms) = preSolution
		Debug|Any CPU = Debug|Any CPU
		Release|Any CPU = Release|Any CPU
	EndGlobalSection
	GlobalSection(ProjectConfigurationPlatforms) = postSolution
		{495D512A-7F7E-44BC-91ED-B35C66510690}.Debug|Any CPU.ActiveCfg = Debug|Any CPU
		{495D512A-7F7E-44BC-91ED-B35C66510690}.Debug|Any CPU.Build.0 = Debug|Any CPU
		{495D512A-7F7E-44BC-91ED-B35C66510690}.Release|Any CPU.ActiveCfg = Release|Any CPU
		{495D512A-7F7E-44BC-91ED-B35C66510690}.Release|Any CPU.Build.0 = Release|Any CPU
	EndGlobalSection
	GlobalSection(SolutionProperties) = preSolution
		HideSolutionNode = FALSE
	EndGlobalSection
	GlobalSection(ExtensibilityGlobals) = postSolution
		SolutionGuid = {B536610D-79A4-4669-9CAF-33AD12F2141E}
	EndGlobalSection
EndGlobal
